
Microsoft Visual Studio Solution File, Format Version 12.00
# Visual Studio 15
VisualStudioVersion = 15.0.27703.2042
MinimumVisualStudioVersion = 10.0.40219.1
Project("{9A19103F-16F7-4668-BE54-9A1E7A4F7556}") = "RSG.Promise", "src\RSG.Promise.csproj", "{7E1C6A8A-84E7-43C3-AE73-C6E8A9F11AF3}"
EndProject
Project("{FAE04EC0-301F-11D3-BF4B-00C04F79EFBC}") = "Promise.Tests", "Tests\Promise.Tests.csproj", "{4B4EE1A6-25A3-43D0-BAE9-5E45E31F2816}"
EndProject
Project("{2150E333-8FDC-42A3-9474-1A3956D46DE8}") = "Examples", "Examples", "{79A9B3AC-1942-4441-872C-41CF7BB240A4}"
EndProject
Project("{FAE04EC0-301F-11D3-BF4B-00C04F79EFBC}") = "Example1", "Examples\Example1\Example1.csproj", "{79A792E9-F378-47BB-A262-9E4E33B655DA}"
EndProject
Project("{FAE04EC0-301F-11D3-BF4B-00C04F79EFBC}") = "Example2", "Examples\Example2\Example2.csproj", "{D98539EC-14C7-40B0-9ADA-D8378A1774C4}"
EndProject
Project("{FAE04EC0-301F-11D3-BF4B-00C04F79EFBC}") = "Example3", "Examples\Example3\Example3.csproj", "{6E70ADB8-B34B-4C71-BE15-3001F5C791B8}"
EndProject
Project("{FAE04EC0-301F-11D3-BF4B-00C04F79EFBC}") = "Example4", "Examples\Example4\Example4.csproj", "{BDB0135C-B075-47BE-A971-1927BEA6F622}"
EndProject
Project("{FAE04EC0-301F-11D3-BF4B-00C04F79EFBC}") = "Example5", "Examples\Example5\Example5.csproj", "{1060401E-1C17-4741-BF1E-9F05B5427775}"
EndProject
Global
	GlobalSection(SolutionConfigurationPlatforms) = preSolution
		Debug|Any CPU = Debug|Any CPU
		Release|Any CPU = Release|Any CPU
	EndGlobalSection
	GlobalSection(ProjectConfigurationPlatforms) = postSolution
		{7E1C6A8A-84E7-43C3-AE73-C6E8A9F11AF3}.Debug|Any CPU.ActiveCfg = Debug|Any CPU
		{7E1C6A8A-84E7-43C3-AE73-C6E8A9F11AF3}.Debug|Any CPU.Build.0 = Debug|Any CPU
		{7E1C6A8A-84E7-43C3-AE73-C6E8A9F11AF3}.Release|Any CPU.ActiveCfg = Release|Any CPU
		{7E1C6A8A-84E7-43C3-AE73-C6E8A9F11AF3}.Release|Any CPU.Build.0 = Release|Any CPU
		{4B4EE1A6-25A3-43D0-BAE9-5E45E31F2816}.Debug|Any CPU.ActiveCfg = Debug|Any CPU
		{4B4EE1A6-25A3-43D0-BAE9-5E45E31F2816}.Debug|Any CPU.Build.0 = Debug|Any CPU
		{4B4EE1A6-25A3-43D0-BAE9-5E45E31F2816}.Release|Any CPU.ActiveCfg = Release|Any CPU
		{4B4EE1A6-25A3-43D0-BAE9-5E45E31F2816}.Release|Any CPU.Build.0 = Release|Any CPU
		{79A792E9-F378-47BB-A262-9E4E33B655DA}.Debug|Any CPU.ActiveCfg = Debug|Any CPU
		{79A792E9-F378-47BB-A262-9E4E33B655DA}.Debug|Any CPU.Build.0 = Debug|Any CPU
		{79A792E9-F378-47BB-A262-9E4E33B655DA}.Release|Any CPU.ActiveCfg = Release|Any CPU
		{79A792E9-F378-47BB-A262-9E4E33B655DA}.Release|Any CPU.Build.0 = Release|Any CPU
		{D98539EC-14C7-40B0-9ADA-D8378A1774C4}.Debug|Any CPU.ActiveCfg = Debug|Any CPU
		{D98539EC-14C7-40B0-9ADA-D8378A1774C4}.Debug|Any CPU.Build.0 = Debug|Any CPU
		{D98539EC-14C7-40B0-9ADA-D8378A1774C4}.Release|Any CPU.ActiveCfg = Release|Any CPU
		{D98539EC-14C7-40B0-9ADA-D8378A1774C4}.Release|Any CPU.Build.0 = Release|Any CPU
		{6E70ADB8-B34B-4C71-BE15-3001F5C791B8}.Debug|Any CPU.ActiveCfg = Debug|Any CPU
		{6E70ADB8-B34B-4C71-BE15-3001F5C791B8}.Debug|Any CPU.Build.0 = Debug|Any CPU
		{6E70ADB8-B34B-4C71-BE15-3001F5C791B8}.Release|Any CPU.ActiveCfg = Release|Any CPU
		{6E70ADB8-B34B-4C71-BE15-3001F5C791B8}.Release|Any CPU.Build.0 = Release|Any CPU
		{BDB0135C-B075-47BE-A971-1927BEA6F622}.Debug|Any CPU.ActiveCfg = Debug|Any CPU
		{BDB0135C-B075-47BE-A971-1927BEA6F622}.Debug|Any CPU.Build.0 = Debug|Any CPU
		{BDB0135C-B075-47BE-A971-1927BEA6F622}.Release|Any CPU.ActiveCfg = Release|Any CPU
		{BDB0135C-B075-47BE-A971-1927BEA6F622}.Release|Any CPU.Build.0 = Release|Any CPU
		{1060401E-1C17-4741-BF1E-9F05B5427775}.Debug|Any CPU.ActiveCfg = Debug|Any CPU
		{1060401E-1C17-4741-BF1E-9F05B5427775}.Debug|Any CPU.Build.0 = Debug|Any CPU
		{1060401E-1C17-4741-BF1E-9F05B5427775}.Release|Any CPU.ActiveCfg = Release|Any CPU
		{1060401E-1C17-4741-BF1E-9F05B5427775}.Release|Any CPU.Build.0 = Release|Any CPU
	EndGlobalSection
	GlobalSection(SolutionProperties) = preSolution
		HideSolutionNode = FALSE
	EndGlobalSection
	GlobalSection(NestedProjects) = preSolution
		{79A792E9-F378-47BB-A262-9E4E33B655DA} = {79A9B3AC-1942-4441-872C-41CF7BB240A4}
		{D98539EC-14C7-40B0-9ADA-D8378A1774C4} = {79A9B3AC-1942-4441-872C-41CF7BB240A4}
		{6E70ADB8-B34B-4C71-BE15-3001F5C791B8} = {79A9B3AC-1942-4441-872C-41CF7BB240A4}
		{BDB0135C-B075-47BE-A971-1927BEA6F622} = {79A9B3AC-1942-4441-872C-41CF7BB240A4}
		{1060401E-1C17-4741-BF1E-9F05B5427775} = {79A9B3AC-1942-4441-872C-41CF7BB240A4}
	EndGlobalSection
	GlobalSection(ExtensibilityGlobals) = postSolution
		SolutionGuid = {7D2FBA48-64F2-4236-BA93-0AF605D743D8}
	EndGlobalSection
EndGlobal
